schema: '2.0'
stages:
  prepare_data:
    cmd: python src/stage_01_prepare.py
    deps:
    - path: configs/config.yaml
      md5: 74aeec8bff9d240b1a65437b478eddd8
      size: 301
    - path: data/data.xml
      md5: a304afb96060aad90176268345e10355
      size: 37891850
    - path: src/stage_01_prepare.py
      md5: fea220e2fb1cdea4ddb73832676f305d
      size: 2109
    - path: src/utils/common.py
      md5: d162961d817182441383bdb0e674e685
      size: 675
    - path: src/utils/data_mgmt.py
      md5: af428c0128c6bbfbb36edfbf72cc87e1
      size: 967
    params:
      params.yaml:
        prepare.seed: 7
        prepare.split: 0.2
    outs:
    - path: artifacts/prepared/test.tsv
      md5: f13b94e577e24763c72b856775c2b625
      size: 4859307
    - path: artifacts/prepared/train.tsv
      md5: 9aeb6a9a9ccd42652af85ca3de04ff8f
      size: 19027012
